
Microsoft Visual Studio Solution File, Format Version 12.00
# Visual Studio Version 16
VisualStudioVersion = 16.0.29102.190
MinimumVisualStudioVersion = 10.0.40219.1
Project("{FAE04EC0-301F-11D3-BF4B-00C04F79EFBC}") = "BlumindApp", "BlumindApp\BlumindApp.csproj", "{D002D522-5F25-4618-B962-02306CBD617B}"
EndProject
Project("{FAE04EC0-301F-11D3-BF4B-00C04F79EFBC}") = "Entities", "Entities\Entities.csproj", "{5634598F-32C2-4D55-B621-335A34476275}"
EndProject
Global
	GlobalSection(SolutionConfigurationPlatforms) = preSolution
		Debug|Any CPU = Debug|Any CPU
		Release|Any CPU = Release|Any CPU
	EndGlobalSection
	GlobalSection(ProjectConfigurationPlatforms) = postSolution
		{D002D522-5F25-4618-B962-02306CBD617B}.Debug|Any CPU.ActiveCfg = Debug|Any CPU
		{D002D522-5F25-4618-B962-02306CBD617B}.Debug|Any CPU.Build.0 = Debug|Any CPU
		{D002D522-5F25-4618-B962-02306CBD617B}.Release|Any CPU.ActiveCfg = Release|Any CPU
		{D002D522-5F25-4618-B962-02306CBD617B}.Release|Any CPU.Build.0 = Release|Any CPU
		{5634598F-32C2-4D55-B621-335A34476275}.Debug|Any CPU.ActiveCfg = Debug|Any CPU
		{5634598F-32C2-4D55-B621-335A34476275}.Debug|Any CPU.Build.0 = Debug|Any CPU
		{5634598F-32C2-4D55-B621-335A34476275}.Release|Any CPU.ActiveCfg = Release|Any CPU
		{5634598F-32C2-4D55-B621-335A34476275}.Release|Any CPU.Build.0 = Release|Any CPU
	EndGlobalSection
	GlobalSection(SolutionProperties) = preSolution
		HideSolutionNode = FALSE
	EndGlobalSection
	GlobalSection(ExtensibilityGlobals) = postSolution
		SolutionGuid = {4B4438BD-054A-424A-B410-E528C4F3B2DC}
	EndGlobalSection
EndGlobal
